
Microsoft Visual Studio Solution File, Format Version 12.00
# Visual Studio 15
VisualStudioVersion = 15.0.28010.2048
MinimumVisualStudioVersion = 10.0.40219.1
Project("{8BC9CEB8-8B4A-11D0-8D11-00A0C91BC942}") = "Server", "Server\Server.vcxproj", "{2E4991E4-54BD-46E1-9224-C002322184C5}"
EndProject
Global
	GlobalSection(SolutionConfigurationPlatforms) = preSolution
		Debug|x64 = Debug|x64
		Debug|x86 = Debug|x86
		Release|x64 = Release|x64
		Release|x86 = Release|x86
	EndGlobalSection
	GlobalSection(ProjectConfigurationPlatforms) = postSolution
		{2E4991E4-54BD-46E1-9224-C002322184C5}.Debug|x64.ActiveCfg = Debug|x64
		{2E4991E4-54BD-46E1-9224-C002322184C5}.Debug|x64.Build.0 = Debug|x64
		{2E4991E4-54BD-46E1-9224-C002322184C5}.Debug|x86.ActiveCfg = Debug|Win32
		{2E4991E4-54BD-46E1-9224-C002322184C5}.Debug|x86.Build.0 = Debug|Win32
		{2E4991E4-54BD-46E1-9224-C002322184C5}.Release|x64.ActiveCfg = Release|x64
		{2E4991E4-54BD-46E1-9224-C002322184C5}.Release|x64.Build.0 = Release|x64
		{2E4991E4-54BD-46E1-9224-C002322184C5}.Release|x86.ActiveCfg = Release|Win32
		{2E4991E4-54BD-46E1-9224-C002322184C5}.Release|x86.Build.0 = Release|Win32
	EndGlobalSection
	GlobalSection(SolutionProperties) = preSolution
		HideSolutionNode = FALSE
	EndGlobalSection
	GlobalSection(ExtensibilityGlobals) = postSolution
		SolutionGuid = {16BAB344-D4DA-4FDB-9BCE-A9B4B895F759}
	EndGlobalSection
EndGlobal
